// !$*UTF8*$!
{
	archiveVersion = 1;
	classes = {
	};
	objectVersion = 46;
	objects = {

/* Begin PBXBuildFile section */
		98F94D69186AE04A00E96739 /* Foundation.framework in Frameworks */ = {isa = PBXBuildFile; fileRef = 98F94D68186AE04A00E96739 /* Foundation.framework */; };
		98F94D6B186AE04A00E96739 /* CoreGraphics.framework in Frameworks */ = {isa = PBXBuildFile; fileRef = 98F94D6A186AE04A00E96739 /* CoreGraphics.framework */; };
		98F94D6D186AE04A00E96739 /* UIKit.framework in Frameworks */ = {isa = PBXBuildFile; fileRef = 98F94D6C186AE04A00E96739 /* UIKit.framework */; };
		98F94D73186AE04A00E96739 /* InfoPlist.strings in Resources */ = {isa = PBXBuildFile; fileRef = 98F94D71186AE04A00E96739 /* InfoPlist.strings */; };
		98F94D75186AE04A00E96739 /* main.m in Sources */ = {isa = PBXBuildFile; fileRef = 98F94D74186AE04A00E96739 /* main.m */; };
		98F94D79186AE04A00E96739 /* GLAppDelegate.m in Sources */ = {isa = PBXBuildFile; fileRef = 98F94D78186AE04A00E96739 /* GLAppDelegate.m */; };
		98F94D7B186AE04A00E96739 /* Images.xcassets in Resources */ = {isa = PBXBuildFile; fileRef = 98F94D7A186AE04A00E96739 /* Images.xcassets */; };
		98F94D82186AE04B00E96739 /* XCTest.framework in Frameworks */ = {isa = PBXBuildFile; fileRef = 98F94D81186AE04B00E96739 /* XCTest.framework */; };
		98F94D83186AE04B00E96739 /* Foundation.framework in Frameworks */ = {isa = PBXBuildFile; fileRef = 98F94D68186AE04A00E96739 /* Foundation.framework */; };
		98F94D84186AE04B00E96739 /* UIKit.framework in Frameworks */ = {isa = PBXBuildFile; fileRef = 98F94D6C186AE04A00E96739 /* UIKit.framework */; };
		98F94D8C186AE04B00E96739 /* InfoPlist.strings in Resources */ = {isa = PBXBuildFile; fileRef = 98F94D8A186AE04B00E96739 /* InfoPlist.strings */; };
		98F94D8E186AE04B00E96739 /* GLViewScrollerTests.m in Sources */ = {isa = PBXBuildFile; fileRef = 98F94D8D186AE04B00E96739 /* GLViewScrollerTests.m */; };
/* End PBXBuildFile section */

/* Begin PBXContainerItemProxy section */
		98F94D85186AE04B00E96739 /* PBXContainerItemProxy */ = {
			isa = PBXContainerItemProxy;
			containerPortal = 98F94D5D186AE04A00E96739 /* Project object */;
			proxyType = 1;
			remoteGlobalIDString = 98F94D64186AE04A00E96739;
			remoteInfo = GLViewScroller;
		};
/* End PBXContainerItemProxy section */

/* Begin PBXFileReference section */
		98F94D65186AE04A00E96739 /* GLViewScroller.app */ = {isa = PBXFileReference; explicitFileType = wrapper.application; includeInIndex = 0; path = GLViewScroller.app; sourceTree = BUILT_PRODUCTS_DIR; };
		98F94D68186AE04A00E96739 /* Foundation.framework */ = {isa = PBXFileReference; lastKnownFileType = wrapper.framework; name = Foundation.framework; path = System/Library/Frameworks/Foundation.framework; sourceTree = SDKROOT; };
		98F94D6A186AE04A00E96739 /* CoreGraphics.framework */ = {isa = PBXFileReference; lastKnownFileType = wrapper.framework; name = CoreGraphics.framework; path = System/Library/Frameworks/CoreGraphics.framework; sourceTree = SDKROOT; };
		98F94D6C186AE04A00E96739 /* UIKit.framework */ = {isa = PBXFileReference; lastKnownFileType = wrapper.framework; name = UIKit.framework; path = System/Library/Frameworks/UIKit.framework; sourceTree = SDKROOT; };
		98F94D70186AE04A00E96739 /* GLViewScroller-Info.plist */ = {isa = PBXFileReference; lastKnownFileType = text.plist.xml; path = "GLViewScroller-Info.plist"; sourceTree = "<group>"; };
		98F94D72186AE04A00E96739 /* en */ = {isa = PBXFileReference; lastKnownFileType = text.plist.strings; name = en; path = en.lproj/InfoPlist.strings; sourceTree = "<group>"; };
		98F94D74186AE04A00E96739 /* main.m */ = {isa = PBXFileReference; lastKnownFileType = sourcecode.c.objc; path = main.m; sourceTree = "<group>"; };
		98F94D76186AE04A00E96739 /* GLViewScroller-Prefix.pch */ = {isa = PBXFileReference; lastKnownFileType = sourcecode.c.h; path = "GLViewScroller-Prefix.pch"; sourceTree = "<group>"; };
		98F94D77186AE04A00E96739 /* GLAppDelegate.h */ = {isa = PBXFileReference; lastKnownFileType = sourcecode.c.h; path = GLAppDelegate.h; sourceTree = "<group>"; };
		98F94D78186AE04A00E96739 /* GLAppDelegate.m */ = {isa = PBXFileReference; lastKnownFileType = sourcecode.c.objc; path = GLAppDelegate.m; sourceTree = "<group>"; };
		98F94D7A186AE04A00E96739 /* Images.xcassets */ = {isa = PBXFileReference; lastKnownFileType = folder.assetcatalog; path = Images.xcassets; sourceTree = "<group>"; };
		98F94D80186AE04B00E96739 /* GLViewScrollerTests.xctest */ = {isa = PBXFileReference; explicitFileType = wrapper.cfbundle; includeInIndex = 0; path = GLViewScrollerTests.xctest; sourceTree = BUILT_PRODUCTS_DIR; };
		98F94D81186AE04B00E96739 /* XCTest.framework */ = {isa = PBXFileReference; lastKnownFileType = wrapper.framework; name = XCTest.framework; path = Library/Frameworks/XCTest.framework; sourceTree = DEVELOPER_DIR; };
		98F94D89186AE04B00E96739 /* GLViewScrollerTests-Info.plist */ = {isa = PBXFileReference; lastKnownFileType = text.plist.xml; path = "GLViewScrollerTests-Info.plist"; sourceTree = "<group>"; };
		98F94D8B186AE04B00E96739 /* en */ = {isa = PBXFileReference; lastKnownFileType = text.plist.strings; name = en; path = en.lproj/InfoPlist.strings; sourceTree = "<group>"; };
		98F94D8D186AE04B00E96739 /* GLViewScrollerTests.m */ = {isa = PBXFileReference; lastKnownFileType = sourcecode.c.objc; path = GLViewScrollerTests.m; sourceTree = "<group>"; };
/* End PBXFileReference section */

/* Begin PBXFrameworksBuildPhase section */
		98F94D62186AE04A00E96739 /* Frameworks */ = {
			isa = PBXFrameworksBuildPhase;
			buildActionMask = 2147483647;
			files = (
				98F94D6B186AE04A00E96739 /* CoreGraphics.framework in Frameworks */,
				98F94D6D186AE04A00E96739 /* UIKit.framework in Frameworks */,
				98F94D69186AE04A00E96739 /* Foundation.framework in Frameworks */,
			);
			runOnlyForDeploymentPostprocessing = 0;
		};
		98F94D7D186AE04B00E96739 /* Frameworks */ = {
			isa = PBXFrameworksBuildPhase;
			buildActionMask = 2147483647;
			files = (
				98F94D82186AE04B00E96739 /* XCTest.framework in Frameworks */,
				98F94D84186AE04B00E96739 /* UIKit.framework in Frameworks */,
				98F94D83186AE04B00E96739 /* Foundation.framework in Frameworks */,
			);
			runOnlyForDeploymentPostprocessing = 0;
		};
/* End PBXFrameworksBuildPhase section */

/* Begin PBXGroup section */
		98F94D5C186AE04A00E96739 = {
			isa = PBXGroup;
			children = (
				98F94D6E186AE04A00E96739 /* GLViewScroller */,
				98F94D87186AE04B00E96739 /* GLViewScrollerTests */,
				98F94D67186AE04A00E96739 /* Frameworks */,
				98F94D66186AE04A00E96739 /* Products */,
			);
			sourceTree = "<group>";
		};
		98F94D66186AE04A00E96739 /* Products */ = {
			isa = PBXGroup;
			children = (
				98F94D65186AE04A00E96739 /* GLViewScroller.app */,
				98F94D80186AE04B00E96739 /* GLViewScrollerTests.xctest */,
			);
			name = Products;
			sourceTree = "<group>";
		};
		98F94D67186AE04A00E96739 /* Frameworks */ = {
			isa = PBXGroup;
			children = (
				98F94D68186AE04A00E96739 /* Foundation.framework */,
				98F94D6A186AE04A00E96739 /* CoreGraphics.framework */,
				98F94D6C186AE04A00E96739 /* UIKit.framework */,
				98F94D81186AE04B00E96739 /* XCTest.framework */,
			);
			name = Frameworks;
			sourceTree = "<group>";
		};
		98F94D6E186AE04A00E96739 /* GLViewScroller */ = {
			isa = PBXGroup;
			children = (
				98F94D77186AE04A00E96739 /* GLAppDelegate.h */,
				98F94D78186AE04A00E96739 /* GLAppDelegate.m */,
				98F94D7A186AE04A00E96739 /* Images.xcassets */,
				98F94D6F186AE04A00E96739 /* Supporting Files */,
			);
			path = GLViewScroller;
			sourceTree = "<group>";
		};
		98F94D6F186AE04A00E96739 /* Supporting Files */ = {
			isa = PBXGroup;
			children = (
				98F94D70186AE04A00E96739 /* GLViewScroller-Info.plist */,
				98F94D71186AE04A00E96739 /* InfoPlist.strings */,
				98F94D74186AE04A00E96739 /* main.m */,
				98F94D76186AE04A00E96739 /* GLViewScroller-Prefix.pch */,
			);
			name = "Supporting Files";
			sourceTree = "<group>";
		};
		98F94D87186AE04B00E96739 /* GLViewScrollerTests */ = {
			isa = PBXGroup;
			children = (
				98F94D8D186AE04B00E96739 /* GLViewScrollerTests.m */,
				98F94D88186AE04B00E96739 /* Supporting Files */,
			);
			path = GLViewScrollerTests;
			sourceTree = "<group>";
		};
		98F94D88186AE04B00E96739 /* Supporting Files */ = {
			isa = PBXGroup;
			children = (
				98F94D89186AE04B00E96739 /* GLViewScrollerTests-Info.plist */,
				98F94D8A186AE04B00E96739 /* InfoPlist.strings */,
			);
			name = "Supporting Files";
			sourceTree = "<group>";
		};
/* End PBXGroup section */

/* Begin PBXNativeTarget section */
		98F94D64186AE04A00E96739 /* GLViewScroller */ = {
			isa = PBXNativeTarget;
			buildConfigurationList = 98F94D91186AE04B00E96739 /* Build configuration list for PBXNativeTarget "GLViewScroller" */;
			buildPhases = (
				98F94D61186AE04A00E96739 /* Sources */,
				98F94D62186AE04A00E96739 /* Frameworks */,
				98F94D63186AE04A00E96739 /* Resources */,
			);
			buildRules = (
			);
			dependencies = (
			);
			name = GLViewScroller;
			productName = GLViewScroller;
			productReference = 98F94D65186AE04A00E96739 /* GLViewScroller.app */;
			productType = "com.apple.product-type.application";
		};
		98F94D7F186AE04B00E96739 /* GLViewScrollerTests */ = {
			isa = PBXNativeTarget;
			buildConfigurationList = 98F94D94186AE04B00E96739 /* Build configuration list for PBXNativeTarget "GLViewScrollerTests" */;
			buildPhases = (
				98F94D7C186AE04B00E96739 /* Sources */,
				98F94D7D186AE04B00E96739 /* Frameworks */,
				98F94D7E186AE04B00E96739 /* Resources */,
			);
			buildRules = (
			);
			dependencies = (
				98F94D86186AE04B00E96739 /* PBXTargetDependency */,
			);
			name = GLViewScrollerTests;
			productName = GLViewScrollerTests;
			productReference = 98F94D80186AE04B00E96739 /* GLViewScrollerTests.xctest */;
			productType = "com.apple.product-type.bundle.unit-test";
		};
/* End PBXNativeTarget section */

/* Begin PBXProject section */
		98F94D5D186AE04A00E96739 /* Project object */ = {
			isa = PBXProject;
			attributes = {
				CLASSPREFIX = GL;
				LastUpgradeCheck = 0500;
				ORGANIZATIONNAME = "Gertjan Leemans";
				TargetAttributes = {
					98F94D7F186AE04B00E96739 = {
						TestTargetID = 98F94D64186AE04A00E96739;
					};
				};
			};
			buildConfigurationList = 98F94D60186AE04A00E96739 /* Build configuration list for PBXProject "GLViewScroller" */;
			compatibilityVersion = "Xcode 3.2";
			developmentRegion = English;
			hasScannedForEncodings = 0;
			knownRegions = (
				en,
			);
			mainGroup = 98F94D5C186AE04A00E96739;
			productRefGroup = 98F94D66186AE04A00E96739 /* Products */;
			projectDirPath = "";
			projectRoot = "";
			targets = (
				98F94D64186AE04A00E96739 /* GLViewScroller */,
				98F94D7F186AE04B00E96739 /* GLViewScrollerTests */,
			);
		};
/* End PBXProject section */

/* Begin PBXResourcesBuildPhase section */
		98F94D63186AE04A00E96739 /* Resources */ = {
			isa = PBXResourcesBuildPhase;
			buildActionMask = 2147483647;
			files = (
				98F94D73186AE04A00E96739 /* InfoPlist.strings in Resources */,
				98F94D7B186AE04A00E96739 /* Images.xcassets in Resources */,
			);
			runOnlyForDeploymentPostprocessing = 0;
		};
		98F94D7E186AE04B00E96739 /* Resources */ = {
			isa = PBXResourcesBuildPhase;
			buildActionMask = 2147483647;
			files = (
				98F94D8C186AE04B00E96739 /* InfoPlist.strings in Resources */,
			);
			runOnlyForDeploymentPostprocessing = 0;
		};
/* End PBXResourcesBuildPhase section */

/* Begin PBXSourcesBuildPhase section */
		98F94D61186AE04A00E96739 /* Sources */ = {
			isa = PBXSourcesBuildPhase;
			buildActionMask = 2147483647;
			files = (
				98F94D75186AE04A00E96739 /* main.m in Sources */,
				98F94D79186AE04A00E96739 /* GLAppDelegate.m in Sources */,
			);
			runOnlyForDeploymentPostprocessing = 0;
		};
		98F94D7C186AE04B00E96739 /* Sources */ = {
			isa = PBXSourcesBuildPhase;
			buildActionMask = 2147483647;
			files = (
				98F94D8E186AE04B00E96739 /* GLViewScrollerTests.m in Sources */,
			);
			runOnlyForDeploymentPostprocessing = 0;
		};
/* End PBXSourcesBuildPhase section */

/* Begin PBXTargetDependency section */
		98F94D86186AE04B00E96739 /* PBXTargetDependency */ = {
			isa = PBXTargetDependency;
			target = 98F94D64186AE04A00E96739 /* GLViewScroller */;
			targetProxy = 98F94D85186AE04B00E96739 /* PBXContainerItemProxy */;
		};
/* End PBXTargetDependency section */

/* Begin PBXVariantGroup section */
		98F94D71186AE04A00E96739 /* InfoPlist.strings */ = {
			isa = PBXVariantGroup;
			children = (
				98F94D72186AE04A00E96739 /* en */,
			);
			name = InfoPlist.strings;
			sourceTree = "<group>";
		};
		98F94D8A186AE04B00E96739 /* InfoPlist.strings */ = {
			isa = PBXVariantGroup;
			children = (
				98F94D8B186AE04B00E96739 /* en */,
			);
			name = InfoPlist.strings;
			sourceTree = "<group>";
		};
/* End PBXVariantGroup section */

/* Begin XCBuildConfiguration section */
		98F94D8F186AE04B00E96739 /* Debug */ = {
			isa = XCBuildConfiguration;
			buildSettings = {
				ALWAYS_SEARCH_USER_PATHS = NO;
				ARCHS = "$(ARCHS_STANDARD_INCLUDING_64_BIT)";
				CLANG_CXX_LANGUAGE_STANDARD = "gnu++0x";
				CLANG_CXX_LIBRARY = "libc++";
				CLANG_ENABLE_MODULES = YES;
				CLANG_ENABLE_OBJC_ARC = YES;
				CLANG_WARN_BOOL_CONVERSION = YES;
				CLANG_WARN_CONSTANT_CONVERSION = YES;
				CLANG_WARN_DIRECT_OBJC_ISA_USAGE = YES_ERROR;
				CLANG_WARN_EMPTY_BODY = YES;
				CLANG_WARN_ENUM_CONVERSION = YES;
				CLANG_WARN_INT_CONVERSION = YES;
				CLANG_WARN_OBJC_ROOT_CLASS = YES_ERROR;
				CLANG_WARN__DUPLICATE_METHOD_MATCH = YES;
				"CODE_SIGN_IDENTITY[sdk=iphoneos*]" = "iPhone Developer";
				COPY_PHASE_STRIP = NO;
				GCC_C_LANGUAGE_STANDARD = gnu99;
				GCC_DYNAMIC_NO_PIC = NO;
				GCC_OPTIMIZATION_LEVEL = 0;
				GCC_PREPROCESSOR_DEFINITIONS = (
					"DEBUG=1",
					"$(inherited)",
				);
				GCC_SYMBOLS_PRIVATE_EXTERN = NO;
				GCC_WARN_64_TO_32_BIT_CONVERSION = YES;
				GCC_WARN_ABOUT_RETURN_TYPE = YES_ERROR;
				GCC_WARN_UNDECLARED_SELECTOR = YES;
				GCC_WARN_UNINITIALIZED_AUTOS = YES;
				GCC_WARN_UNUSED_FUNCTION = YES;
				GCC_WARN_UNUSED_VARIABLE = YES;
				IPHONEOS_DEPLOYMENT_TARGET = 7.0;
				ONLY_ACTIVE_ARCH = YES;
				SDKROOT = iphoneos;
			};
			name = Debug;
		};
		98F94D90186AE04B00E96739 /* Release */ = {
			isa = XCBuildConfiguration;
			buildSettings = {
				ALWAYS_SEARCH_USER_PATHS = NO;
				ARCHS = "$(ARCHS_STANDARD_INCLUDING_64_BIT)";
				CLANG_CXX_LANGUAGE_STANDARD = "gnu++0x";
				CLANG_CXX_LIBRARY = "libc++";
				CLANG_ENABLE_MODULES = YES;
				CLANG_ENABLE_OBJC_ARC = YES;
				CLANG_WARN_BOOL_CONVERSION = YES;
				CLANG_WARN_CONSTANT_CONVERSION = YES;
				CLANG_WARN_DIRECT_OBJC_ISA_USAGE = YES_ERROR;
				CLANG_WARN_EMPTY_BODY = YES;
				CLANG_WARN_ENUM_CONVERSION = YES;
				CLANG_WARN_INT_CONVERSION = YES;
				CLANG_WARN_OBJC_ROOT_CLASS = YES_ERROR;
				CLANG_WARN__DUPLICATE_METHOD_MATCH = YES;
				"CODE_SIGN_IDENTITY[sdk=iphoneos*]" = "iPhone Developer";
				COPY_PHASE_STRIP = YES;
				ENABLE_NS_ASSERTIONS = NO;
				GCC_C_LANGUAGE_STANDARD = gnu99;
				GCC_WARN_64_TO_32_BIT_CONVERSION = YES;
				GCC_WARN_ABOUT_RETURN_TYPE = YES_ERROR;
				GCC_WARN_UNDECLARED_SELECTOR = YES;
				GCC_WARN_UNINITIALIZED_AUTOS = YES;
				GCC_WARN_UNUSED_FUNCTION = YES;
				GCC_WARN_UNUSED_VARIABLE = YES;
				IPHONEOS_DEPLOYMENT_TARGET = 7.0;
				SDKROOT = iphoneos;
				VALIDATE_PRODUCT = YES;
			};
			name = Release;
		};
		98F94D92186AE04B00E96739 /* Debug */ = {
			isa = XCBuildConfiguration;
			buildSettings = {
				ASSETCATALOG_COMPILER_APPICON_NAME = AppIcon;
				ASSETCATALOG_COMPILER_LAUNCHIMAGE_NAME = LaunchImage;
				GCC_PRECOMPILE_PREFIX_HEADER = YES;
				GCC_PREFIX_HEADER = "GLViewScroller/GLViewScroller-Prefix.pch";
				INFOPLIST_FILE = "GLViewScroller/GLViewScroller-Info.plist";
				PRODUCT_NAME = "$(TARGET_NAME)";
				WRAPPER_EXTENSION = app;
			};
			name = Debug;
		};
		98F94D93186AE04B00E96739 /* Release */ = {
			isa = XCBuildConfiguration;
			buildSettings = {
				ASSETCATALOG_COMPILER_APPICON_NAME = AppIcon;
				ASSETCATALOG_COMPILER_LAUNCHIMAGE_NAME = LaunchImage;
				GCC_PRECOMPILE_PREFIX_HEADER = YES;
				GCC_PREFIX_HEADER = "GLViewScroller/GLViewScroller-Prefix.pch";
				INFOPLIST_FILE = "GLViewScroller/GLViewScroller-Info.plist";
				PRODUCT_NAME = "$(TARGET_NAME)";
				WRAPPER_EXTENSION = app;
			};
			name = Release;
		};
		98F94D95186AE04B00E96739 /* Debug */ = {
			isa = XCBuildConfiguration;
			buildSettings = {
				ARCHS = "$(ARCHS_STANDARD_INCLUDING_64_BIT)";
				BUNDLE_LOADER = "$(BUILT_PRODUCTS_DIR)/GLViewScroller.app/GLViewScroller";
				FRAMEWORK_SEARCH_PATHS = (
					"$(SDKROOT)/Developer/Library/Frameworks",
					"$(inherited)",
					"$(DEVELOPER_FRAMEWORKS_DIR)",
				);
				GCC_PRECOMPILE_PREFIX_HEADER = YES;
				GCC_PREFIX_HEADER = "GLViewScroller/GLViewScroller-Prefix.pch";
				GCC_PREPROCESSOR_DEFINITIONS = (
					"DEBUG=1",
					"$(inherited)",
				);
				INFOPLIST_FILE = "GLViewScrollerTests/GLViewScrollerTests-Info.plist";
				PRODUCT_NAME = "$(TARGET_NAME)";
				TEST_HOST = "$(BUNDLE_LOADER)";
				WRAPPER_EXTENSION = xctest;
			};
			name = Debug;
		};
		98F94D96186AE04B00E96739 /* Release */ = {
			isa = XCBuildConfiguration;
			buildSettings = {
				ARCHS = "$(ARCHS_STANDARD_INCLUDING_64_BIT)";
				BUNDLE_LOADER = "$(BUILT_PRODUCTS_DIR)/GLViewScroller.app/GLViewScroller";
				FRAMEWORK_SEARCH_PATHS = (
					"$(SDKROOT)/Developer/Library/Frameworks",
					"$(inherited)",
					"$(DEVELOPER_FRAMEWORKS_DIR)",
				);
				GCC_PRECOMPILE_PREFIX_HEADER = YES;
				GCC_PREFIX_HEADER = "GLViewScroller/GLViewScroller-Prefix.pch";
				INFOPLIST_FILE = "GLViewScrollerTests/GLViewScrollerTests-Info.plist";
				PRODUCT_NAME = "$(TARGET_NAME)";
				TEST_HOST = "$(BUNDLE_LOADER)";
				WRAPPER_EXTENSION = xctest;
			};
			name = Release;
		};
/* End XCBuildConfiguration section */

/* Begin XCConfigurationList section */
		98F94D60186AE04A00E96739 /* Build configuration list for PBXProject "GLViewScroller" */ = {
			isa = XCConfigurationList;
			buildConfigurations = (
				98F94D8F186AE04B00E96739 /* Debug */,
				98F94D90186AE04B00E96739 /* Release */,
			);
			defaultConfigurationIsVisible = 0;
			defaultConfigurationName = Release;
		};
		98F94D91186AE04B00E96739 /* Build configuration list for PBXNativeTarget "GLViewScroller" */ = {
			isa = XCConfigurationList;
			buildConfigurations = (
				98F94D92186AE04B00E96739 /* Debug */,
				98F94D93186AE04B00E96739 /* Release */,
			);
			defaultConfigurationIsVisible = 0;
		};
		98F94D94186AE04B00E96739 /* Build configuration list for PBXNativeTarget "GLViewScrollerTests" */ = {
			isa = XCConfigurationList;
			buildConfigurations = (
				98F94D95186AE04B00E96739 /* Debug */,
				98F94D96186AE04B00E96739 /* Release */,
			);
			defaultConfigurationIsVisible = 0;
		};
/* End XCConfigurationList section */
	};
	rootObject = 98F94D5D186AE04A00E96739 /* Project object */;
}
